
Microsoft Visual Studio Solution File, Format Version 12.00
# Visual Studio Version 17
VisualStudioVersion = 17.0.31903.59
MinimumVisualStudioVersion = 10.0.40219.1
Project("{FAE04EC0-301F-11D3-BF4B-00C04F79EFBC}") = "KirschAPI-cherrydata", "glowing-cherrydata\KirschAPI-cherrydata.csproj", "{895B837A-A5A2-4CB8-8F18-B30A0442C572}"
EndProject
Project("{FAE04EC0-301F-11D3-BF4B-00C04F79EFBC}") = "KirschAPI-utils", "glowing-utils\KirschAPI-utils.csproj", "{4C47B929-FFE5-49C5-AAF0-4B2602FB7F8F}"
EndProject
Global
	GlobalSection(SolutionConfigurationPlatforms) = preSolution
		Debug|Any CPU = Debug|Any CPU
		Release|Any CPU = Release|Any CPU
	EndGlobalSection
	GlobalSection(ProjectConfigurationPlatforms) = postSolution
		{895B837A-A5A2-4CB8-8F18-B30A0442C572}.Debug|Any CPU.ActiveCfg = Debug|Any CPU
		{895B837A-A5A2-4CB8-8F18-B30A0442C572}.Debug|Any CPU.Build.0 = Debug|Any CPU
		{895B837A-A5A2-4CB8-8F18-B30A0442C572}.Release|Any CPU.ActiveCfg = Release|Any CPU
		{895B837A-A5A2-4CB8-8F18-B30A0442C572}.Release|Any CPU.Build.0 = Release|Any CPU
		{4C47B929-FFE5-49C5-AAF0-4B2602FB7F8F}.Debug|Any CPU.ActiveCfg = Debug|Any CPU
		{4C47B929-FFE5-49C5-AAF0-4B2602FB7F8F}.Debug|Any CPU.Build.0 = Debug|Any CPU
		{4C47B929-FFE5-49C5-AAF0-4B2602FB7F8F}.Release|Any CPU.ActiveCfg = Release|Any CPU
		{4C47B929-FFE5-49C5-AAF0-4B2602FB7F8F}.Release|Any CPU.Build.0 = Release|Any CPU
	EndGlobalSection
	GlobalSection(SolutionProperties) = preSolution
		HideSolutionNode = FALSE
	EndGlobalSection
EndGlobal
